// !$*UTF8*$!
{
	archiveVersion = 1;
	classes = {
	};
	objectVersion = 52;
	objects = {

/* Begin PBXBuildFile section */
		01484BF425FF5F1A0044FC00 /* WebsocketConnection.swift in Sources */ = {isa = PBXBuildFile; fileRef = 01484BF325FF5F1A0044FC00 /* WebsocketConnection.swift */; };
		01484BF825FF5FA10044FC00 /* Starscream in Frameworks */ = {isa = PBXBuildFile; productRef = 01484BF725FF5FA10044FC00 /* Starscream */; };
		01484BFC25FF67190044FC00 /* SocketViewController.swift in Sources */ = {isa = PBXBuildFile; fileRef = 01484BFB25FF67190044FC00 /* SocketViewController.swift */; };
		01484C0025FF8AF70044FC00 /* MessageStruct.swift in Sources */ = {isa = PBXBuildFile; fileRef = 01484BFF25FF8AF70044FC00 /* MessageStruct.swift */; };
		0149E4E92642E37F00A03693 /* SwiftyJSON in Frameworks */ = {isa = PBXBuildFile; productRef = 0149E4E82642E37F00A03693 /* SwiftyJSON */; };
		854FAE9325F9DFD2006B3122 /* AppDelegate.swift in Sources */ = {isa = PBXBuildFile; fileRef = 854FAE9225F9DFD2006B3122 /* AppDelegate.swift */; };
		854FAE9525F9DFD2006B3122 /* SceneDelegate.swift in Sources */ = {isa = PBXBuildFile; fileRef = 854FAE9425F9DFD2006B3122 /* SceneDelegate.swift */; };
		854FAE9725F9DFD2006B3122 /* ViewController.swift in Sources */ = {isa = PBXBuildFile; fileRef = 854FAE9625F9DFD2006B3122 /* ViewController.swift */; };
		854FAE9A25F9DFD2006B3122 /* Main.storyboard in Resources */ = {isa = PBXBuildFile; fileRef = 854FAE9825F9DFD2006B3122 /* Main.storyboard */; };
		854FAE9C25F9DFD6006B3122 /* Assets.xcassets in Resources */ = {isa = PBXBuildFile; fileRef = 854FAE9B25F9DFD6006B3122 /* Assets.xcassets */; };
		854FAE9F25F9DFD6006B3122 /* LaunchScreen.storyboard in Resources */ = {isa = PBXBuildFile; fileRef = 854FAE9D25F9DFD6006B3122 /* LaunchScreen.storyboard */; };
		8570DF4325FB2D4000A0271B /* API_coredata.xcdatamodeld in Sources */ = {isa = PBXBuildFile; fileRef = 8570DF4125FB2D4000A0271B /* API_coredata.xcdatamodeld */; };
/* End PBXBuildFile section */

/* Begin PBXFileReference section */
		01484BF325FF5F1A0044FC00 /* WebsocketConnection.swift */ = {isa = PBXFileReference; lastKnownFileType = sourcecode.swift; path = WebsocketConnection.swift; sourceTree = "<group>"; };
		01484BFB25FF67190044FC00 /* SocketViewController.swift */ = {isa = PBXFileReference; lastKnownFileType = sourcecode.swift; path = SocketViewController.swift; sourceTree = "<group>"; };
		01484BFF25FF8AF70044FC00 /* MessageStruct.swift */ = {isa = PBXFileReference; lastKnownFileType = sourcecode.swift; path = MessageStruct.swift; sourceTree = "<group>"; };
		854FAE8F25F9DFD2006B3122 /* API_test.app */ = {isa = PBXFileReference; explicitFileType = wrapper.application; includeInIndex = 0; path = API_test.app; sourceTree = BUILT_PRODUCTS_DIR; };
		854FAE9225F9DFD2006B3122 /* AppDelegate.swift */ = {isa = PBXFileReference; lastKnownFileType = sourcecode.swift; path = AppDelegate.swift; sourceTree = "<group>"; };
		854FAE9425F9DFD2006B3122 /* SceneDelegate.swift */ = {isa = PBXFileReference; lastKnownFileType = sourcecode.swift; path = SceneDelegate.swift; sourceTree = "<group>"; };
		854FAE9625F9DFD2006B3122 /* ViewController.swift */ = {isa = PBXFileReference; lastKnownFileType = sourcecode.swift; path = ViewController.swift; sourceTree = "<group>"; };
		854FAE9925F9DFD2006B3122 /* Base */ = {isa = PBXFileReference; lastKnownFileType = file.storyboard; name = Base; path = Base.lproj/Main.storyboard; sourceTree = "<group>"; };
		854FAE9B25F9DFD6006B3122 /* Assets.xcassets */ = {isa = PBXFileReference; lastKnownFileType = folder.assetcatalog; path = Assets.xcassets; sourceTree = "<group>"; };
		854FAE9E25F9DFD6006B3122 /* Base */ = {isa = PBXFileReference; lastKnownFileType = file.storyboard; name = Base; path = Base.lproj/LaunchScreen.storyboard; sourceTree = "<group>"; };
		854FAEA025F9DFD6006B3122 /* Info.plist */ = {isa = PBXFileReference; lastKnownFileType = text.plist.xml; path = Info.plist; sourceTree = "<group>"; };
		8570DF4225FB2D4000A0271B /* API_coredata.xcdatamodel */ = {isa = PBXFileReference; lastKnownFileType = wrapper.xcdatamodel; path = API_coredata.xcdatamodel; sourceTree = "<group>"; };
/* End PBXFileReference section */

/* Begin PBXFrameworksBuildPhase section */
		854FAE8C25F9DFD2006B3122 /* Frameworks */ = {
			isa = PBXFrameworksBuildPhase;
			buildActionMask = 2147483647;
			files = (
				0149E4E92642E37F00A03693 /* SwiftyJSON in Frameworks */,
				01484BF825FF5FA10044FC00 /* Starscream in Frameworks */,
			);
			runOnlyForDeploymentPostprocessing = 0;
		};
/* End PBXFrameworksBuildPhase section */

/* Begin PBXGroup section */
		0149E4E72642E37F00A03693 /* Frameworks */ = {
			isa = PBXGroup;
			children = (
			);
			name = Frameworks;
			sourceTree = "<group>";
		};
		854FAE8625F9DFD2006B3122 = {
			isa = PBXGroup;
			children = (
				854FAE9125F9DFD2006B3122 /* API_test */,
				854FAE9025F9DFD2006B3122 /* Products */,
				0149E4E72642E37F00A03693 /* Frameworks */,
			);
			sourceTree = "<group>";
		};
		854FAE9025F9DFD2006B3122 /* Products */ = {
			isa = PBXGroup;
			children = (
				854FAE8F25F9DFD2006B3122 /* API_test.app */,
			);
			name = Products;
			sourceTree = "<group>";
		};
		854FAE9125F9DFD2006B3122 /* API_test */ = {
			isa = PBXGroup;
			children = (
				854FAE9225F9DFD2006B3122 /* AppDelegate.swift */,
				854FAE9425F9DFD2006B3122 /* SceneDelegate.swift */,
				854FAE9625F9DFD2006B3122 /* ViewController.swift */,
				01484BF325FF5F1A0044FC00 /* WebsocketConnection.swift */,
				01484BFB25FF67190044FC00 /* SocketViewController.swift */,
				01484BFF25FF8AF70044FC00 /* MessageStruct.swift */,
				854FAE9825F9DFD2006B3122 /* Main.storyboard */,
				854FAE9B25F9DFD6006B3122 /* Assets.xcassets */,
				854FAE9D25F9DFD6006B3122 /* LaunchScreen.storyboard */,
				854FAEA025F9DFD6006B3122 /* Info.plist */,
				8570DF4125FB2D4000A0271B /* API_coredata.xcdatamodeld */,
			);
			path = API_test;
			sourceTree = "<group>";
		};
/* End PBXGroup section */

/* Begin PBXNativeTarget section */
		854FAE8E25F9DFD2006B3122 /* API_test */ = {
			isa = PBXNativeTarget;
			buildConfigurationList = 854FAEA325F9DFD6006B3122 /* Build configuration list for PBXNativeTarget "API_test" */;
			buildPhases = (
				854FAE8B25F9DFD2006B3122 /* Sources */,
				854FAE8C25F9DFD2006B3122 /* Frameworks */,
				854FAE8D25F9DFD2006B3122 /* Resources */,
				01DB3E7D260E0890006C61ED /* ShellScript */,
			);
			buildRules = (
			);
			dependencies = (
			);
			name = API_test;
			packageProductDependencies = (
				01484BF725FF5FA10044FC00 /* Starscream */,
				0149E4E82642E37F00A03693 /* SwiftyJSON */,
			);
			productName = API_test;
			productReference = 854FAE8F25F9DFD2006B3122 /* API_test.app */;
			productType = "com.apple.product-type.application";
		};
/* End PBXNativeTarget section */

/* Begin PBXProject section */
		854FAE8725F9DFD2006B3122 /* Project object */ = {
			isa = PBXProject;
			attributes = {
				LastSwiftUpdateCheck = 1240;
				LastUpgradeCheck = 1240;
				TargetAttributes = {
					854FAE8E25F9DFD2006B3122 = {
						CreatedOnToolsVersion = 12.4;
					};
				};
			};
			buildConfigurationList = 854FAE8A25F9DFD2006B3122 /* Build configuration list for PBXProject "API_test" */;
			compatibilityVersion = "Xcode 9.3";
			developmentRegion = en;
			hasScannedForEncodings = 0;
			knownRegions = (
				en,
				Base,
			);
			mainGroup = 854FAE8625F9DFD2006B3122;
			packageReferences = (
				01484BF625FF5FA10044FC00 /* XCRemoteSwiftPackageReference "Starscream" */,
				0168D149260E197200BE39F9 /* XCRemoteSwiftPackageReference "SwiftyJSON" */,
			);
			productRefGroup = 854FAE9025F9DFD2006B3122 /* Products */;
			projectDirPath = "";
			projectRoot = "";
			targets = (
				854FAE8E25F9DFD2006B3122 /* API_test */,
			);
		};
/* End PBXProject section */

/* Begin PBXResourcesBuildPhase section */
		854FAE8D25F9DFD2006B3122 /* Resources */ = {
			isa = PBXResourcesBuildPhase;
			buildActionMask = 2147483647;
			files = (
				854FAE9F25F9DFD6006B3122 /* LaunchScreen.storyboard in Resources */,
				854FAE9C25F9DFD6006B3122 /* Assets.xcassets in Resources */,
				854FAE9A25F9DFD2006B3122 /* Main.storyboard in Resources */,
			);
			runOnlyForDeploymentPostprocessing = 0;
		};
/* End PBXResourcesBuildPhase section */

/* Begin PBXShellScriptBuildPhase section */
		01DB3E7D260E0890006C61ED /* ShellScript */ = {
			isa = PBXShellScriptBuildPhase;
			buildActionMask = 2147483647;
			files = (
			);
			inputFileListPaths = (
			);
			inputPaths = (
			);
			outputFileListPaths = (
			);
			outputPaths = (
			);
			runOnlyForDeploymentPostprocessing = 0;
			shellScript = "
";
		};
/* End PBXShellScriptBuildPhase section */

/* Begin PBXSourcesBuildPhase section */
		854FAE8B25F9DFD2006B3122 /* Sources */ = {
			isa = PBXSourcesBuildPhase;
			buildActionMask = 2147483647;
			files = (
				854FAE9725F9DFD2006B3122 /* ViewController.swift in Sources */,
				01484BFC25FF67190044FC00 /* SocketViewController.swift in Sources */,
				8570DF4325FB2D4000A0271B /* API_coredata.xcdatamodeld in Sources */,
				01484BF425FF5F1A0044FC00 /* WebsocketConnection.swift in Sources */,
				854FAE9325F9DFD2006B3122 /* AppDelegate.swift in Sources */,
				01484C0025FF8AF70044FC00 /* MessageStruct.swift in Sources */,
				854FAE9525F9DFD2006B3122 /* SceneDelegate.swift in Sources */,
			);
			runOnlyForDeploymentPostprocessing = 0;
		};
/* End PBXSourcesBuildPhase section */

/* Begin PBXVariantGroup section */
		854FAE9825F9DFD2006B3122 /* Main.storyboard */ = {
			isa = PBXVariantGroup;
			children = (
				854FAE9925F9DFD2006B3122 /* Base */,
			);
			name = Main.storyboard;
			sourceTree = "<group>";
		};
		854FAE9D25F9DFD6006B3122 /* LaunchScreen.storyboard */ = {
			isa = PBXVariantGroup;
			children = (
				854FAE9E25F9DFD6006B3122 /* Base */,
			);
			name = LaunchScreen.storyboard;
			sourceTree = "<group>";
		};
/* End PBXVariantGroup section */

/* Begin XCBuildConfiguration section */
		854FAEA125F9DFD6006B3122 /* Debug */ = {
			isa = XCBuildConfiguration;
			buildSettings = {
				ALWAYS_SEARCH_USER_PATHS = NO;
				CLANG_ANALYZER_NONNULL = YES;
				CLANG_ANALYZER_NUMBER_OBJECT_CONVERSION = YES_AGGRESSIVE;
				CLANG_CXX_LANGUAGE_STANDARD = "gnu++14";
				CLANG_CXX_LIBRARY = "libc++";
				CLANG_ENABLE_MODULES = YES;
				CLANG_ENABLE_OBJC_ARC = YES;
				CLANG_ENABLE_OBJC_WEAK = YES;
				CLANG_WARN_BLOCK_CAPTURE_AUTORELEASING = YES;
				CLANG_WARN_BOOL_CONVERSION = YES;
				CLANG_WARN_COMMA = YES;
				CLANG_WARN_CONSTANT_CONVERSION = YES;
				CLANG_WARN_DEPRECATED_OBJC_IMPLEMENTATIONS = YES;
				CLANG_WARN_DIRECT_OBJC_ISA_USAGE = YES_ERROR;
				CLANG_WARN_DOCUMENTATION_COMMENTS = YES;
				CLANG_WARN_EMPTY_BODY = YES;
				CLANG_WARN_ENUM_CONVERSION = YES;
				CLANG_WARN_INFINITE_RECURSION = YES;
				CLANG_WARN_INT_CONVERSION = YES;
				CLANG_WARN_NON_LITERAL_NULL_CONVERSION = YES;
				CLANG_WARN_OBJC_IMPLICIT_RETAIN_SELF = YES;
				CLANG_WARN_OBJC_LITERAL_CONVERSION = YES;
				CLANG_WARN_OBJC_ROOT_CLASS = YES_ERROR;
				CLANG_WARN_QUOTED_INCLUDE_IN_FRAMEWORK_HEADER = YES;
				CLANG_WARN_RANGE_LOOP_ANALYSIS = YES;
				CLANG_WARN_STRICT_PROTOTYPES = YES;
				CLANG_WARN_SUSPICIOUS_MOVE = YES;
				CLANG_WARN_UNGUARDED_AVAILABILITY = YES_AGGRESSIVE;
				CLANG_WARN_UNREACHABLE_CODE = YES;
				CLANG_WARN__DUPLICATE_METHOD_MATCH = YES;
				COPY_PHASE_STRIP = NO;
				DEBUG_INFORMATION_FORMAT = dwarf;
				ENABLE_STRICT_OBJC_MSGSEND = YES;
				ENABLE_TESTABILITY = YES;
				EXCLUDED_ARCHS = "";
				"EXCLUDED_ARCHS[sdk=iphoneos*]" = arm64;
				"EXCLUDED_ARCHS[sdk=iphonesimulator*]" = arm64;
				GCC_C_LANGUAGE_STANDARD = gnu11;
				GCC_DYNAMIC_NO_PIC = NO;
				GCC_NO_COMMON_BLOCKS = YES;
				GCC_OPTIMIZATION_LEVEL = 0;
				GCC_PREPROCESSOR_DEFINITIONS = (
					"DEBUG=1",
					"$(inherited)",
				);
				GCC_WARN_64_TO_32_BIT_CONVERSION = YES;
				GCC_WARN_ABOUT_RETURN_TYPE = YES_ERROR;
				GCC_WARN_UNDECLARED_SELECTOR = YES;
				GCC_WARN_UNINITIALIZED_AUTOS = YES_AGGRESSIVE;
				GCC_WARN_UNUSED_FUNCTION = YES;
				GCC_WARN_UNUSED_VARIABLE = YES;
				IPHONEOS_DEPLOYMENT_TARGET = 14.4;
				MTL_ENABLE_DEBUG_INFO = INCLUDE_SOURCE;
				MTL_FAST_MATH = YES;
				ONLY_ACTIVE_ARCH = YES;
				SDKROOT = iphoneos;
				SWIFT_ACTIVE_COMPILATION_CONDITIONS = DEBUG;
				SWIFT_OPTIMIZATION_LEVEL = "-Onone";
			};
			name = Debug;
		};
		854FAEA225F9DFD6006B3122 /* Release */ = {
			isa = XCBuildConfiguration;
			buildSettings = {
				ALWAYS_SEARCH_USER_PATHS = NO;
				CLANG_ANALYZER_NONNULL = YES;
				CLANG_ANALYZER_NUMBER_OBJECT_CONVERSION = YES_AGGRESSIVE;
				CLANG_CXX_LANGUAGE_STANDARD = "gnu++14";
				CLANG_CXX_LIBRARY = "libc++";
				CLANG_ENABLE_MODULES = YES;
				CLANG_ENABLE_OBJC_ARC = YES;
				CLANG_ENABLE_OBJC_WEAK = YES;
				CLANG_WARN_BLOCK_CAPTURE_AUTORELEASING = YES;
				CLANG_WARN_BOOL_CONVERSION = YES;
				CLANG_WARN_COMMA = YES;
				CLANG_WARN_CONSTANT_CONVERSION = YES;
				CLANG_WARN_DEPRECATED_OBJC_IMPLEMENTATIONS = YES;
				CLANG_WARN_DIRECT_OBJC_ISA_USAGE = YES_ERROR;
				CLANG_WARN_DOCUMENTATION_COMMENTS = YES;
				CLANG_WARN_EMPTY_BODY = YES;
				CLANG_WARN_ENUM_CONVERSION = YES;
				CLANG_WARN_INFINITE_RECURSION = YES;
				CLANG_WARN_INT_CONVERSION = YES;
				CLANG_WARN_NON_LITERAL_NULL_CONVERSION = YES;
				CLANG_WARN_OBJC_IMPLICIT_RETAIN_SELF = YES;
				CLANG_WARN_OBJC_LITERAL_CONVERSION = YES;
				CLANG_WARN_OBJC_ROOT_CLASS = YES_ERROR;
				CLANG_WARN_QUOTED_INCLUDE_IN_FRAMEWORK_HEADER = YES;
				CLANG_WARN_RANGE_LOOP_ANALYSIS = YES;
				CLANG_WARN_STRICT_PROTOTYPES = YES;
				CLANG_WARN_SUSPICIOUS_MOVE = YES;
				CLANG_WARN_UNGUARDED_AVAILABILITY = YES_AGGRESSIVE;
				CLANG_WARN_UNREACHABLE_CODE = YES;
				CLANG_WARN__DUPLICATE_METHOD_MATCH = YES;
				COPY_PHASE_STRIP = NO;
				DEBUG_INFORMATION_FORMAT = "dwarf-with-dsym";
				ENABLE_NS_ASSERTIONS = NO;
				ENABLE_STRICT_OBJC_MSGSEND = YES;
				GCC_C_LANGUAGE_STANDARD = gnu11;
				GCC_NO_COMMON_BLOCKS = YES;
				GCC_WARN_64_TO_32_BIT_CONVERSION = YES;
				GCC_WARN_ABOUT_RETURN_TYPE = YES_ERROR;
				GCC_WARN_UNDECLARED_SELECTOR = YES;
				GCC_WARN_UNINITIALIZED_AUTOS = YES_AGGRESSIVE;
				GCC_WARN_UNUSED_FUNCTION = YES;
				GCC_WARN_UNUSED_VARIABLE = YES;
				IPHONEOS_DEPLOYMENT_TARGET = 14.4;
				MTL_ENABLE_DEBUG_INFO = NO;
				MTL_FAST_MATH = YES;
				SDKROOT = iphoneos;
				SWIFT_COMPILATION_MODE = wholemodule;
				SWIFT_OPTIMIZATION_LEVEL = "-O";
				VALIDATE_PRODUCT = YES;
			};
			name = Release;
		};
		854FAEA425F9DFD6006B3122 /* Debug */ = {
			isa = XCBuildConfiguration;
			buildSettings = {
				ASSETCATALOG_COMPILER_APPICON_NAME = AppIcon;
				ASSETCATALOG_COMPILER_GLOBAL_ACCENT_COLOR_NAME = AccentColor;
				CODE_SIGN_STYLE = Automatic;
				DEVELOPMENT_TEAM = RTRWQZT32D;
				FRAMEWORK_SEARCH_PATHS = (
					"$(inherited)",
					"$(PROJECT_DIR)/Carthage/Build/iOS",
				);
				INFOPLIST_FILE = API_test/Info.plist;
				IPHONEOS_DEPLOYMENT_TARGET = 14.1;
				LD_RUNPATH_SEARCH_PATHS = (
					"$(inherited)",
					"@executable_path/Frameworks",
				);
				PRODUCT_BUNDLE_IDENTIFIER = "com.bllizard.API-test";
				PRODUCT_NAME = "$(TARGET_NAME)";
				SWIFT_VERSION = 5.0;
				TARGETED_DEVICE_FAMILY = 1;
			};
			name = Debug;
		};
		854FAEA525F9DFD6006B3122 /* Release */ = {
			isa = XCBuildConfiguration;
			buildSettings = {
				ASSETCATALOG_COMPILER_APPICON_NAME = AppIcon;
				ASSETCATALOG_COMPILER_GLOBAL_ACCENT_COLOR_NAME = AccentColor;
				CODE_SIGN_STYLE = Automatic;
				DEVELOPMENT_TEAM = RTRWQZT32D;
				FRAMEWORK_SEARCH_PATHS = (
					"$(inherited)",
					"$(PROJECT_DIR)/Carthage/Build/iOS",
				);
				INFOPLIST_FILE = API_test/Info.plist;
				IPHONEOS_DEPLOYMENT_TARGET = 14.1;
				LD_RUNPATH_SEARCH_PATHS = (
					"$(inherited)",
					"@executable_path/Frameworks",
				);
				PRODUCT_BUNDLE_IDENTIFIER = "com.bllizard.API-test";
				PRODUCT_NAME = "$(TARGET_NAME)";
				SWIFT_VERSION = 5.0;
				TARGETED_DEVICE_FAMILY = 1;
			};
			name = Release;
		};
/* End XCBuildConfiguration section */

/* Begin XCConfigurationList section */
		854FAE8A25F9DFD2006B3122 /* Build configuration list for PBXProject "API_test" */ = {
			isa = XCConfigurationList;
			buildConfigurations = (
				854FAEA125F9DFD6006B3122 /* Debug */,
				854FAEA225F9DFD6006B3122 /* Release */,
			);
			defaultConfigurationIsVisible = 0;
			defaultConfigurationName = Release;
		};
		854FAEA325F9DFD6006B3122 /* Build configuration list for PBXNativeTarget "API_test" */ = {
			isa = XCConfigurationList;
			buildConfigurations = (
				854FAEA425F9DFD6006B3122 /* Debug */,
				854FAEA525F9DFD6006B3122 /* Release */,
			);
			defaultConfigurationIsVisible = 0;
			defaultConfigurationName = Release;
		};
/* End XCConfigurationList section */

/* Begin XCRemoteSwiftPackageReference section */
		01484BF625FF5FA10044FC00 /* XCRemoteSwiftPackageReference "Starscream" */ = {
			isa = XCRemoteSwiftPackageReference;
			repositoryURL = "https://github.com/daltoniam/Starscream.git";
			requirement = {
				kind = upToNextMajorVersion;
				minimumVersion = 4.0.4;
			};
		};
		0168D149260E197200BE39F9 /* XCRemoteSwiftPackageReference "SwiftyJSON" */ = {
			isa = XCRemoteSwiftPackageReference;
			repositoryURL = "https://github.com/SwiftyJSON/SwiftyJSON.git";
			requirement = {
				kind = upToNextMajorVersion;
				minimumVersion = 5.0.0;
			};
		};
/* End XCRemoteSwiftPackageReference section */

/* Begin XCSwiftPackageProductDependency section */
		01484BF725FF5FA10044FC00 /* Starscream */ = {
			isa = XCSwiftPackageProductDependency;
			package = 01484BF625FF5FA10044FC00 /* XCRemoteSwiftPackageReference "Starscream" */;
			productName = Starscream;
		};
		0149E4E82642E37F00A03693 /* SwiftyJSON */ = {
			isa = XCSwiftPackageProductDependency;
			package = 0168D149260E197200BE39F9 /* XCRemoteSwiftPackageReference "SwiftyJSON" */;
			productName = SwiftyJSON;
		};
/* End XCSwiftPackageProductDependency section */

/* Begin XCVersionGroup section */
		8570DF4125FB2D4000A0271B /* API_coredata.xcdatamodeld */ = {
			isa = XCVersionGroup;
			children = (
				8570DF4225FB2D4000A0271B /* API_coredata.xcdatamodel */,
			);
			currentVersion = 8570DF4225FB2D4000A0271B /* API_coredata.xcdatamodel */;
			path = API_coredata.xcdatamodeld;
			sourceTree = "<group>";
			versionGroupType = wrapper.xcdatamodel;
		};
/* End XCVersionGroup section */
	};
	rootObject = 854FAE8725F9DFD2006B3122 /* Project object */;
}
